
Microsoft Visual Studio Solution File, Format Version 12.00
# Visual Studio Version 17
VisualStudioVersion = 17.10.34928.147
MinimumVisualStudioVersion = 10.0.40219.1
Project("{9A19103F-16F7-4668-BE54-9A1E7A4F7556}") = "EducationForum", "EducationForum\EducationForum.csproj", "{CECA1DDF-585C-47D0-A1F5-C367B514800B}"
EndProject
Project("{9A19103F-16F7-4668-BE54-9A1E7A4F7556}") = "EducationForum.Domain", "EducationForum.Domain\EducationForum.Domain.csproj", "{74EBF733-BCF4-41A9-AC37-EE8282C30DB7}"
EndProject
Project("{9A19103F-16F7-4668-BE54-9A1E7A4F7556}") = "EducationForum.Repository", "EducationForum.Repository\EducationForum.Repository.csproj", "{AD9A7C4D-8E39-4BCF-A9F8-AB2F1C70AE09}"
EndProject
Project("{9A19103F-16F7-4668-BE54-9A1E7A4F7556}") = "EducationForum.DataAccess", "EducationForum.DataAccess\EducationForum.DataAccess.csproj", "{2A9EFE7D-E81C-48AC-A124-A5A95699B472}"
EndProject
Project("{FAE04EC0-301F-11D3-BF4B-00C04F79EFBC}") = "EducationForum.Common", "EducationForum.Common\EducationForum.Common.csproj", "{258151EF-2DCF-4697-9D7C-B6C84909B75A}"
EndProject
Global
	GlobalSection(SolutionConfigurationPlatforms) = preSolution
		Debug|Any CPU = Debug|Any CPU
		Release|Any CPU = Release|Any CPU
	EndGlobalSection
	GlobalSection(ProjectConfigurationPlatforms) = postSolution
		{CECA1DDF-585C-47D0-A1F5-C367B514800B}.Debug|Any CPU.ActiveCfg = Debug|Any CPU
		{CECA1DDF-585C-47D0-A1F5-C367B514800B}.Debug|Any CPU.Build.0 = Debug|Any CPU
		{CECA1DDF-585C-47D0-A1F5-C367B514800B}.Release|Any CPU.ActiveCfg = Release|Any CPU
		{CECA1DDF-585C-47D0-A1F5-C367B514800B}.Release|Any CPU.Build.0 = Release|Any CPU
		{74EBF733-BCF4-41A9-AC37-EE8282C30DB7}.Debug|Any CPU.ActiveCfg = Debug|Any CPU
		{74EBF733-BCF4-41A9-AC37-EE8282C30DB7}.Debug|Any CPU.Build.0 = Debug|Any CPU
		{74EBF733-BCF4-41A9-AC37-EE8282C30DB7}.Release|Any CPU.ActiveCfg = Release|Any CPU
		{74EBF733-BCF4-41A9-AC37-EE8282C30DB7}.Release|Any CPU.Build.0 = Release|Any CPU
		{AD9A7C4D-8E39-4BCF-A9F8-AB2F1C70AE09}.Debug|Any CPU.ActiveCfg = Debug|Any CPU
		{AD9A7C4D-8E39-4BCF-A9F8-AB2F1C70AE09}.Debug|Any CPU.Build.0 = Debug|Any CPU
		{AD9A7C4D-8E39-4BCF-A9F8-AB2F1C70AE09}.Release|Any CPU.ActiveCfg = Release|Any CPU
		{AD9A7C4D-8E39-4BCF-A9F8-AB2F1C70AE09}.Release|Any CPU.Build.0 = Release|Any CPU
		{2A9EFE7D-E81C-48AC-A124-A5A95699B472}.Debug|Any CPU.ActiveCfg = Debug|Any CPU
		{2A9EFE7D-E81C-48AC-A124-A5A95699B472}.Debug|Any CPU.Build.0 = Debug|Any CPU
		{2A9EFE7D-E81C-48AC-A124-A5A95699B472}.Release|Any CPU.ActiveCfg = Release|Any CPU
		{2A9EFE7D-E81C-48AC-A124-A5A95699B472}.Release|Any CPU.Build.0 = Release|Any CPU
		{258151EF-2DCF-4697-9D7C-B6C84909B75A}.Debug|Any CPU.ActiveCfg = Debug|Any CPU
		{258151EF-2DCF-4697-9D7C-B6C84909B75A}.Debug|Any CPU.Build.0 = Debug|Any CPU
		{258151EF-2DCF-4697-9D7C-B6C84909B75A}.Release|Any CPU.ActiveCfg = Release|Any CPU
		{258151EF-2DCF-4697-9D7C-B6C84909B75A}.Release|Any CPU.Build.0 = Release|Any CPU
	EndGlobalSection
	GlobalSection(SolutionProperties) = preSolution
		HideSolutionNode = FALSE
	EndGlobalSection
	GlobalSection(ExtensibilityGlobals) = postSolution
		SolutionGuid = {35E32D33-62CE-4389-BA27-E05D6CE91346}
	EndGlobalSection
EndGlobal
